{
  "name": "react-styled-nhs",
  "version": "0.0.1",
  "lockfileVersion": 1,
  "requires": true,
  "dependencies": {
    "accessible-autocomplete": {
      "version": "2.0.2",
      "resolved": "https://registry.npmjs.org/accessible-autocomplete/-/accessible-autocomplete-2.0.2.tgz",
      "integrity": "sha512-cdA4O4u1xmefZuAdtL+0VBnDivdapgIZRQjm0E1bcekHnH5h67Vt1QL79NqPtlAn+6lyrR+H+pbnYVvUOJ1ULQ==",
      "requires": {
        "preact": "^8.3.1"
      }
    },
    "nhsuk-frontend": {
      "version": "3.0.4",
      "resolved": "https://registry.npmjs.org/nhsuk-frontend/-/nhsuk-frontend-3.0.4.tgz",
      "integrity": "sha512-WZrmI6SZUpq2GotL3iyd44sB3GZoffAbU09eJIxMiUDLZbbw/Unm2j+f1WK/gDwrcd0V814ywpMF5eJ9UWgZvQ==",
      "requires": {
        "accessible-autocomplete": "^2.0.2",
        "sass-mq": "^5.0.1"
      }
    },
    "preact": {
      "version": "8.5.3",
      "resolved": "https://registry.npmjs.org/preact/-/preact-8.5.3.tgz",
      "integrity": "sha512-O3kKP+1YdgqHOFsZF2a9JVdtqD+RPzCQc3rP+Ualf7V6rmRDchZ9MJbiGTT7LuyqFKZqlHSOyO/oMFmI2lVTsw=="
    },
    "sass-mq": {
      "version": "5.0.1",
      "resolved": "https://registry.npmjs.org/sass-mq/-/sass-mq-5.0.1.tgz",
      "integrity": "sha512-ugSVZO5fzasSFrGfKCtY02spnkOOfo9U9sXuzCuSXoCl1CgcoqdJRdNmigZkhvRVph1GKM6o0pgI00Jjc445CA=="
    }
  }
}
